
Microsoft Visual Studio Solution File, Format Version 12.00
# Visual Studio 2013
VisualStudioVersion = 12.0.31101.0
MinimumVisualStudioVersion = 10.0.40219.1
Project("{FAE04EC0-301F-11D3-BF4B-00C04F79EFBC}") = "AdventureWorks.UI", "AdventureWorks.UI\AdventureWorks.UI.csproj", "{C9F4BBD0-0C23-4052-8895-3B12DDAAD909}"
EndProject
Project("{FAE04EC0-301F-11D3-BF4B-00C04F79EFBC}") = "AdventureWorks.Domain", "AdventureWorks.Domain\AdventureWorks.Domain.csproj", "{63B5CF4D-1486-4A1F-BC7F-B09C51FD601C}"
EndProject
Project("{FAE04EC0-301F-11D3-BF4B-00C04F79EFBC}") = "AdventureWorks.Data", "AdventureWorks.Data\AdventureWorks.Data.csproj", "{0E521563-07EF-4E4C-99F4-9293E6844406}"
EndProject
Project("{FAE04EC0-301F-11D3-BF4B-00C04F79EFBC}") = "AdventureWorks.Services", "AdventureWorks.Services\AdventureWorks.Services.csproj", "{D493117B-6F66-426F-8E56-70DF68D33330}"
EndProject
Project("{FAE04EC0-301F-11D3-BF4B-00C04F79EFBC}") = "AdventureWorks.Infrastructure", "AdventureWorks.Infrastructure\AdventureWorks.Infrastructure.csproj", "{98052659-4376-4B39-A328-2690D54436C1}"
EndProject
Project("{FAE04EC0-301F-11D3-BF4B-00C04F79EFBC}") = "AdventureWorks.Api", "AdventureWorks.Api\AdventureWorks.Api.csproj", "{D0C64423-C7FC-4063-A532-B4AABCB9F107}"
EndProject
Project("{FAE04EC0-301F-11D3-BF4B-00C04F79EFBC}") = "AdventureWorks.Tests", "AdventureWorks.Tests\AdventureWorks.Tests.csproj", "{046B5304-9C56-49F9-BFAB-6458ECD42CDA}"
EndProject
Global
	GlobalSection(SolutionConfigurationPlatforms) = preSolution
		Debug|Any CPU = Debug|Any CPU
		Release|Any CPU = Release|Any CPU
	EndGlobalSection
	GlobalSection(ProjectConfigurationPlatforms) = postSolution
		{C9F4BBD0-0C23-4052-8895-3B12DDAAD909}.Debug|Any CPU.ActiveCfg = Debug|Any CPU
		{C9F4BBD0-0C23-4052-8895-3B12DDAAD909}.Debug|Any CPU.Build.0 = Debug|Any CPU
		{C9F4BBD0-0C23-4052-8895-3B12DDAAD909}.Release|Any CPU.ActiveCfg = Release|Any CPU
		{C9F4BBD0-0C23-4052-8895-3B12DDAAD909}.Release|Any CPU.Build.0 = Release|Any CPU
		{63B5CF4D-1486-4A1F-BC7F-B09C51FD601C}.Debug|Any CPU.ActiveCfg = Debug|Any CPU
		{63B5CF4D-1486-4A1F-BC7F-B09C51FD601C}.Debug|Any CPU.Build.0 = Debug|Any CPU
		{63B5CF4D-1486-4A1F-BC7F-B09C51FD601C}.Release|Any CPU.ActiveCfg = Release|Any CPU
		{63B5CF4D-1486-4A1F-BC7F-B09C51FD601C}.Release|Any CPU.Build.0 = Release|Any CPU
		{0E521563-07EF-4E4C-99F4-9293E6844406}.Debug|Any CPU.ActiveCfg = Debug|Any CPU
		{0E521563-07EF-4E4C-99F4-9293E6844406}.Debug|Any CPU.Build.0 = Debug|Any CPU
		{0E521563-07EF-4E4C-99F4-9293E6844406}.Release|Any CPU.ActiveCfg = Release|Any CPU
		{0E521563-07EF-4E4C-99F4-9293E6844406}.Release|Any CPU.Build.0 = Release|Any CPU
		{D493117B-6F66-426F-8E56-70DF68D33330}.Debug|Any CPU.ActiveCfg = Debug|Any CPU
		{D493117B-6F66-426F-8E56-70DF68D33330}.Debug|Any CPU.Build.0 = Debug|Any CPU
		{D493117B-6F66-426F-8E56-70DF68D33330}.Release|Any CPU.ActiveCfg = Release|Any CPU
		{D493117B-6F66-426F-8E56-70DF68D33330}.Release|Any CPU.Build.0 = Release|Any CPU
		{98052659-4376-4B39-A328-2690D54436C1}.Debug|Any CPU.ActiveCfg = Debug|Any CPU
		{98052659-4376-4B39-A328-2690D54436C1}.Debug|Any CPU.Build.0 = Debug|Any CPU
		{98052659-4376-4B39-A328-2690D54436C1}.Release|Any CPU.ActiveCfg = Release|Any CPU
		{98052659-4376-4B39-A328-2690D54436C1}.Release|Any CPU.Build.0 = Release|Any CPU
		{D0C64423-C7FC-4063-A532-B4AABCB9F107}.Debug|Any CPU.ActiveCfg = Debug|Any CPU
		{D0C64423-C7FC-4063-A532-B4AABCB9F107}.Debug|Any CPU.Build.0 = Debug|Any CPU
		{D0C64423-C7FC-4063-A532-B4AABCB9F107}.Release|Any CPU.ActiveCfg = Release|Any CPU
		{D0C64423-C7FC-4063-A532-B4AABCB9F107}.Release|Any CPU.Build.0 = Release|Any CPU
		{046B5304-9C56-49F9-BFAB-6458ECD42CDA}.Debug|Any CPU.ActiveCfg = Debug|Any CPU
		{046B5304-9C56-49F9-BFAB-6458ECD42CDA}.Debug|Any CPU.Build.0 = Debug|Any CPU
		{046B5304-9C56-49F9-BFAB-6458ECD42CDA}.Release|Any CPU.ActiveCfg = Release|Any CPU
		{046B5304-9C56-49F9-BFAB-6458ECD42CDA}.Release|Any CPU.Build.0 = Release|Any CPU
	EndGlobalSection
	GlobalSection(SolutionProperties) = preSolution
		HideSolutionNode = FALSE
	EndGlobalSection
EndGlobal
